
Microsoft Visual Studio Solution File, Format Version 12.00
# Visual Studio Version 17
VisualStudioVersion = 17.11.35327.3
MinimumVisualStudioVersion = 10.0.40219.1
Project("{9A19103F-16F7-4668-BE54-9A1E7A4F7556}") = "GrabzIt", "GrabzIt\GrabzIt.csproj", "{FBE0E172-5653-4FA1-9013-90F1496904F3}"
EndProject
Project("{FAE04EC0-301F-11D3-BF4B-00C04F79EFBC}") = "ExampleConsole", "ExampleConsole\ExampleConsole.csproj", "{15A98575-23F2-4A65-AAD8-BA6FD847F3C7}"
EndProject
Global
	GlobalSection(SolutionConfigurationPlatforms) = preSolution
		Debug|Any CPU = Debug|Any CPU
		Release|Any CPU = Release|Any CPU
	EndGlobalSection
	GlobalSection(ProjectConfigurationPlatforms) = postSolution
		{FBE0E172-5653-4FA1-9013-90F1496904F3}.Debug|Any CPU.ActiveCfg = Debug|Any CPU
		{FBE0E172-5653-4FA1-9013-90F1496904F3}.Debug|Any CPU.Build.0 = Debug|Any CPU
		{FBE0E172-5653-4FA1-9013-90F1496904F3}.Release|Any CPU.ActiveCfg = Release|Any CPU
		{FBE0E172-5653-4FA1-9013-90F1496904F3}.Release|Any CPU.Build.0 = Release|Any CPU
		{15A98575-23F2-4A65-AAD8-BA6FD847F3C7}.Debug|Any CPU.ActiveCfg = Debug|Any CPU
		{15A98575-23F2-4A65-AAD8-BA6FD847F3C7}.Debug|Any CPU.Build.0 = Debug|Any CPU
		{15A98575-23F2-4A65-AAD8-BA6FD847F3C7}.Release|Any CPU.ActiveCfg = Release|Any CPU
		{15A98575-23F2-4A65-AAD8-BA6FD847F3C7}.Release|Any CPU.Build.0 = Release|Any CPU
	EndGlobalSection
	GlobalSection(SolutionProperties) = preSolution
		HideSolutionNode = FALSE
	EndGlobalSection
	GlobalSection(ExtensibilityGlobals) = postSolution
		SolutionGuid = {66260D01-EBF5-40F1-8CA5-09BB12F5FF5F}
	EndGlobalSection
EndGlobal
