
Microsoft Visual Studio Solution File, Format Version 12.00
# Visual Studio Version 16
VisualStudioVersion = 16.0.31729.503
MinimumVisualStudioVersion = 10.0.40219.1
Project("{FAE04EC0-301F-11D3-BF4B-00C04F79EFBC}") = "Sample", "Sample\Sample.csproj", "{0073152E-18D6-4E7E-B9D8-C54F7963EA10}"
EndProject
Project("{FAE04EC0-301F-11D3-BF4B-00C04F79EFBC}") = "GrabzIt.Scraper", "GrabzIt.Scraper\GrabzIt.Scraper.csproj", "{CBCF253A-284F-4F26-8BB9-5C684F1B5ED2}"
EndProject
Global
	GlobalSection(SolutionConfigurationPlatforms) = preSolution
		Debug|Any CPU = Debug|Any CPU
		Release|Any CPU = Release|Any CPU
	EndGlobalSection
	GlobalSection(ProjectConfigurationPlatforms) = postSolution
		{0073152E-18D6-4E7E-B9D8-C54F7963EA10}.Debug|Any CPU.ActiveCfg = Debug|Any CPU
		{0073152E-18D6-4E7E-B9D8-C54F7963EA10}.Debug|Any CPU.Build.0 = Debug|Any CPU
		{0073152E-18D6-4E7E-B9D8-C54F7963EA10}.Release|Any CPU.ActiveCfg = Release|Any CPU
		{0073152E-18D6-4E7E-B9D8-C54F7963EA10}.Release|Any CPU.Build.0 = Release|Any CPU
		{CBCF253A-284F-4F26-8BB9-5C684F1B5ED2}.Debug|Any CPU.ActiveCfg = Debug|Any CPU
		{CBCF253A-284F-4F26-8BB9-5C684F1B5ED2}.Debug|Any CPU.Build.0 = Debug|Any CPU
		{CBCF253A-284F-4F26-8BB9-5C684F1B5ED2}.Release|Any CPU.ActiveCfg = Release|Any CPU
		{CBCF253A-284F-4F26-8BB9-5C684F1B5ED2}.Release|Any CPU.Build.0 = Release|Any CPU
	EndGlobalSection
	GlobalSection(SolutionProperties) = preSolution
		HideSolutionNode = FALSE
	EndGlobalSection
	GlobalSection(ExtensibilityGlobals) = postSolution
		SolutionGuid = {651147F7-AD24-4140-8684-AED51D746683}
	EndGlobalSection
EndGlobal
